
Microsoft Visual Studio Solution File, Format Version 12.00
# Visual Studio Version 16
VisualStudioVersion = 16.0.31205.134
MinimumVisualStudioVersion = 10.0.40219.1
Project("{FAE04EC0-301F-11D3-BF4B-00C04F79EFBC}") = "QCP.Model", "QCP.Model\QCP.Model.csproj", "{D1E8DA84-F884-4D86-8D3C-6EED38581661}"
EndProject
Project("{FAE04EC0-301F-11D3-BF4B-00C04F79EFBC}") = "QCP.ChallengeApp", "QCP.ChallengeApp\QCP.ChallengeApp.csproj", "{E102E107-EA35-46A4-B491-DF8931EA60BF}"
EndProject
Project("{FAE04EC0-301F-11D3-BF4B-00C04F79EFBC}") = "QCP.Component", "QCP.Component\QCP.Component.csproj", "{A52E6EBE-6F61-480C-AA91-A88CEFD61C00}"
EndProject
Global
	GlobalSection(SolutionConfigurationPlatforms) = preSolution
		Debug|Any CPU = Debug|Any CPU
		Release|Any CPU = Release|Any CPU
	EndGlobalSection
	GlobalSection(ProjectConfigurationPlatforms) = postSolution
		{D1E8DA84-F884-4D86-8D3C-6EED38581661}.Debug|Any CPU.ActiveCfg = Debug|Any CPU
		{D1E8DA84-F884-4D86-8D3C-6EED38581661}.Debug|Any CPU.Build.0 = Debug|Any CPU
		{D1E8DA84-F884-4D86-8D3C-6EED38581661}.Release|Any CPU.ActiveCfg = Release|Any CPU
		{D1E8DA84-F884-4D86-8D3C-6EED38581661}.Release|Any CPU.Build.0 = Release|Any CPU
		{E102E107-EA35-46A4-B491-DF8931EA60BF}.Debug|Any CPU.ActiveCfg = Debug|Any CPU
		{E102E107-EA35-46A4-B491-DF8931EA60BF}.Debug|Any CPU.Build.0 = Debug|Any CPU
		{E102E107-EA35-46A4-B491-DF8931EA60BF}.Release|Any CPU.ActiveCfg = Release|Any CPU
		{E102E107-EA35-46A4-B491-DF8931EA60BF}.Release|Any CPU.Build.0 = Release|Any CPU
		{A52E6EBE-6F61-480C-AA91-A88CEFD61C00}.Debug|Any CPU.ActiveCfg = Debug|Any CPU
		{A52E6EBE-6F61-480C-AA91-A88CEFD61C00}.Debug|Any CPU.Build.0 = Debug|Any CPU
		{A52E6EBE-6F61-480C-AA91-A88CEFD61C00}.Release|Any CPU.ActiveCfg = Release|Any CPU
		{A52E6EBE-6F61-480C-AA91-A88CEFD61C00}.Release|Any CPU.Build.0 = Release|Any CPU
	EndGlobalSection
	GlobalSection(SolutionProperties) = preSolution
		HideSolutionNode = FALSE
	EndGlobalSection
	GlobalSection(ExtensibilityGlobals) = postSolution
		SolutionGuid = {1BF8B784-F402-48D3-B0E3-DF745147DAC4}
	EndGlobalSection
EndGlobal
